
Microsoft Visual Studio Solution File, Format Version 12.00
# Visual Studio Version 17
VisualStudioVersion = 17.11.35208.52
MinimumVisualStudioVersion = 10.0.40219.1
Project("{FAE04EC0-301F-11D3-BF4B-00C04F79EFBC}") = "PassportCardLabsAssignment", "PassportCardLabsAssignment\PassportCardLabsAssignment.csproj", "{D1ED3F72-CC04-4629-9F4E-4CE2DD0DEC96}"
EndProject
Global
	GlobalSection(SolutionConfigurationPlatforms) = preSolution
		Debug|Any CPU = Debug|Any CPU
		Release|Any CPU = Release|Any CPU
	EndGlobalSection
	GlobalSection(ProjectConfigurationPlatforms) = postSolution
		{D1ED3F72-CC04-4629-9F4E-4CE2DD0DEC96}.Debug|Any CPU.ActiveCfg = Debug|Any CPU
		{D1ED3F72-CC04-4629-9F4E-4CE2DD0DEC96}.Debug|Any CPU.Build.0 = Debug|Any CPU
		{D1ED3F72-CC04-4629-9F4E-4CE2DD0DEC96}.Release|Any CPU.ActiveCfg = Release|Any CPU
		{D1ED3F72-CC04-4629-9F4E-4CE2DD0DEC96}.Release|Any CPU.Build.0 = Release|Any CPU
	EndGlobalSection
	GlobalSection(SolutionProperties) = preSolution
		HideSolutionNode = FALSE
	EndGlobalSection
	GlobalSection(ExtensibilityGlobals) = postSolution
		SolutionGuid = {1FE0881B-3690-4576-B484-9E0C14D705A2}
	EndGlobalSection
EndGlobal
